{
  "requires": true,
  "lockfileVersion": 1,
  "dependencies": {
    "keen-slider": {
      "version": "6.6.9",
      "resolved": "https://registry.npmjs.org/keen-slider/-/keen-slider-6.6.9.tgz",
      "integrity": "sha512-3XjWVWAL2NDLx9CT9vIsoEAY2vP18bHwsiB9X49QAuNiV5ljAZLPqx5eiZz8bKhmnv1Jc3UUpTzRTDRPeDwx2g=="
    },
    "tiny-swiper": {
      "version": "2.2.0",
      "resolved": "https://registry.npmjs.org/tiny-swiper/-/tiny-swiper-2.2.0.tgz",
      "integrity": "sha512-RG+TtFogipC1yMLa52ICIpE3x0UKxPi24AaZ0n++tuHBkjKLLWk7+D1EDAO1QUWbbm1cvvAspL92/dwQQRnYoA==",
      "requires": {
        "typescript": "^4.1.3"
      }
    },
    "typescript": {
      "version": "4.6.3",
      "resolved": "https://registry.npmjs.org/typescript/-/typescript-4.6.3.tgz",
      "integrity": "sha512-yNIatDa5iaofVozS/uQJEl3JRWLKKGJKh6Yaiv0GLGSuhpFJe7P3SbHZ8/yjAHRQwKRoA6YZqlfjXWmVzoVSMw=="
    }
  }
}
